
Microsoft Visual Studio Solution File, Format Version 12.00
# Visual Studio Version 17
VisualStudioVersion = 17.1.32421.90
MinimumVisualStudioVersion = 10.0.40219.1
Project("{FAE04EC0-301F-11D3-BF4B-00C04F79EFBC}") = "RestSharp_GitHub_Demo", "RestSharp_GitHub_Demo\RestSharp_GitHub_Demo.csproj", "{AB0DE322-700B-4CF6-80EE-F9BA431637C9}"
EndProject
Project("{FAE04EC0-301F-11D3-BF4B-00C04F79EFBC}") = "TestGitHubApi", "TestGitHubApi\TestGitHubApi.csproj", "{1EFA7BAF-85F3-426F-9C6B-2D6744CC4845}"
	ProjectSection(ProjectDependencies) = postProject
		{AB0DE322-700B-4CF6-80EE-F9BA431637C9} = {AB0DE322-700B-4CF6-80EE-F9BA431637C9}
	EndProjectSection
EndProject
Global
	GlobalSection(SolutionConfigurationPlatforms) = preSolution
		Debug|Any CPU = Debug|Any CPU
		Release|Any CPU = Release|Any CPU
	EndGlobalSection
	GlobalSection(ProjectConfigurationPlatforms) = postSolution
		{AB0DE322-700B-4CF6-80EE-F9BA431637C9}.Debug|Any CPU.ActiveCfg = Debug|Any CPU
		{AB0DE322-700B-4CF6-80EE-F9BA431637C9}.Debug|Any CPU.Build.0 = Debug|Any CPU
		{AB0DE322-700B-4CF6-80EE-F9BA431637C9}.Release|Any CPU.ActiveCfg = Release|Any CPU
		{AB0DE322-700B-4CF6-80EE-F9BA431637C9}.Release|Any CPU.Build.0 = Release|Any CPU
		{1EFA7BAF-85F3-426F-9C6B-2D6744CC4845}.Debug|Any CPU.ActiveCfg = Debug|Any CPU
		{1EFA7BAF-85F3-426F-9C6B-2D6744CC4845}.Debug|Any CPU.Build.0 = Debug|Any CPU
		{1EFA7BAF-85F3-426F-9C6B-2D6744CC4845}.Release|Any CPU.ActiveCfg = Release|Any CPU
		{1EFA7BAF-85F3-426F-9C6B-2D6744CC4845}.Release|Any CPU.Build.0 = Release|Any CPU
	EndGlobalSection
	GlobalSection(SolutionProperties) = preSolution
		HideSolutionNode = FALSE
	EndGlobalSection
	GlobalSection(ExtensibilityGlobals) = postSolution
		SolutionGuid = {6C7C1D50-2784-4387-8684-9B594CB8F045}
	EndGlobalSection
EndGlobal
